{
    "_meta": {
        "hash": {
            "sha256": "ffe970fa7191a9415ae3ddd7e5e60c58bbc006726d8475ff5ea75a49d1dbd55b"
        },
        "pipfile-spec": 6,
        "requires": {},
        "sources": [
            {
                "url": "https://pypi.python.org/simple",
                "verify_ssl": true
            }
        ]
    },
    "default": {
        "aiohttp": {
            "hashes": [
                "sha256:04a8c24a376bb547c0c9b6e721d6ced23062d262d24d5e63a3e383c8b49e14ef",
                "sha256:0589a94051aa0573b28eb5d330a0d12cee891d2ed9fd9323c9ddbe322e88fc15",
                "sha256:0965fa5e798b7faacd6417eeb5c476aa6a7d730ba2793106e5bae610fdb043cb",
                "sha256:34dc28c31786f43dcd5a25e19da1dd8a5289d338f4ed1a1a9e5d1431ad4b79e2",
                "sha256:3654f4913a6c02e742051881f94b7b8a9dfe527318e8d7a7dd2f2d8474b0c082",
                "sha256:3979ef9071bd3c909d33cc333bde356f7063555ad8a0383e53f18dc31131b7d8",
                "sha256:42373fbdbe8f09233c17e74f53cee877bc7d5b495b4fc14c32a119255e85e736",
                "sha256:63de1a47530b7bf770f1ad26f342ea94babb451ae04cd3119e87cbfea1c970e5",
                "sha256:7ff6173cc691a44845e10f452d52932f12b45c6d5db85f5702b17d15addda808",
                "sha256:85caf471c5216d615b01443293cc5ead7502053dedd804da32dd35de816a7436",
                "sha256:8b5087310db23b1976776beedab05c8aa8e490755e9f3473fc1f07aa0cbe3bb9",
                "sha256:9af1260050bb29db245d284c659e710161c45575f8fb365202551c5fd43ed1c1",
                "sha256:9e70efab3bfea1493f3099031e3731a6519adad62e6d3f464b429a80a6e2ff6f",
                "sha256:ab9e7ecf375387ae3d17ac25492801860f2726f541d73cf1108fa157e1da75a3",
                "sha256:b3b047ecd8b899f99d669f5e22aeabcc77e78f3eb4ee985755ec49c53fcccfc2",
                "sha256:b73d90381c915c8f873da65520af3e8ac8d26e054b9bc849faa802b25623172a",
                "sha256:bd920a8b5da1e0ed89c1a688d1ed252ba71189ff747747d38803728a9fba17d4",
                "sha256:c58ddcb3ef4dde692e98738f6b3d06650d2b2722910e4d18184530ff8d092d95",
                "sha256:c7cb8d2be2f3351a28bee9deca1194e1402171c47b52f16708321ef4ce682333",
                "sha256:cb281a30655efe939550b7dfbe8c5d6e84951caf52510528a88ae7fe483109ae",
                "sha256:e5c2c16ae815d883d4072f2d4542effdeae1d9a464b56bd06186d9eeca1981fe",
                "sha256:e698a369200b6d4e50a493cf1da4a25f5457f61afd5e7fe91b40f9859f632d1f"
            ],
            "version": "==2.3.2"
        },
        "aiotg": {
            "hashes": [
                "sha256:d981a702cdd96c3ccd4b4520a17c8c39454bb3dadc909868d37744a1aa2fe00a"
            ],
            "version": "==0.9.4"
        },
        "async-timeout": {
            "hashes": [
                "sha256:2163e1640ddb52b7a8c80d0a67a08587e5d245cc9c553a74a847056bc2976b15",
                "sha256:8ca1e4fcf50d07413d66d1a5e416e42cfdf5851c981d679a09851a6853383b3c"
            ],
            "markers": "python_version >= '3.6'",
            "version": "==4.0.2"
        },
        "certifi": {
            "hashes": [
                "sha256:35824b4c3a97115964b408844d64aa14db1cc518f6562e8d7261699d1350a9e3",
                "sha256:4ad3232f5e926d6718ec31cfc1fcadfde020920e278684144551c91769c7bc18"
            ],
            "version": "==2022.12.7"
        },
        "chardet": {
            "hashes": [
                "sha256:84ab92ed1c4d4f16916e05906b6b75a6c0fb5db821cc65e70cbd64a3e2a5eaae",
                "sha256:fc323ffcaeaed0e0a02bf4d117757b98aed530d9ed4531e3e15460124c106691"
            ],
            "version": "==3.0.4"
        },
        "idna": {
            "hashes": [
                "sha256:2c6a5de3089009e3da7c5dde64a141dbc8551d5b7f6cf4ed7c2568d0cc520a8f",
                "sha256:8c7309c718f94b3a625cb648ace320157ad16ff131ae0af362c9f21b80ef6ec4"
            ],
            "version": "==2.6"
        },
        "lxml": {
            "hashes": [
                "sha256:0a103253a94cdad86028d273aaebb8b30c75fdf009c23e52cdc8ce88429fd326",
                "sha256:10399bececdb67f0d9251ecf2dda2abf6ddeee6096741754356f1a3715c8c830",
                "sha256:12e348eb57fb79ccf91a49b7b937c49a5bbe1d73ba75589674b76a56d064bda0",
                "sha256:1548247ea3b50014a3ea55ad9446108df191b6a6e51aa8f5953c95b663f382ff",
                "sha256:1deacd52638da2d7fcb864c3949f0285638ec10e6aace93ce15c6a2e0ed91b95",
                "sha256:307d325ee143b60b9c82912e96e9f4345200c33c8ae00b04b001e4c85fb5f146",
                "sha256:5caec9b174dbf927034d588669c62d2a9d0ce447365b20a3463f4daab1e4f03b",
                "sha256:5da6f5b31ea2b573cb20e88aefc6b49d849d07588ba60871342cae42f569b0d7",
                "sha256:7a8715539adb41c78129983ba69d852e0102a3f51d559eeb91dce1f6290c4ad0",
                "sha256:7ba1b62fe9414d73d493241011df952b72074808debc3a2d6d8a64fb9944edf6",
                "sha256:9007da6fb1b96fb1c9d7bd65e97bbbad60295abc19833d7e67e05314c1868f58",
                "sha256:93df9805146980e83834ea9320baa6a56d8aea45f63d7d3cc721f71eb1a1bac6",
                "sha256:a4433655219b84a360dbdf2c34d9625c3988a272e6fc028222d528ad5902f6a2",
                "sha256:b3d5a0ecf0c2c31c404246b6706b2e477159ee07b73be5102389ab250dd67701",
                "sha256:b9e1735918fc1e83c522b9f1048e6bc5af38af958e4efc843046e4b0075a021b",
                "sha256:be3aaeb5f468a49f523f16736ccff7d82af2b4b303292ba3d052b5b28f3fbe47",
                "sha256:c10ad53216d5af2b3ba63e65db793cb7dd7e598e17826938045e32f38b0e4814",
                "sha256:c263fd15d27f3be93485fcd83a495cbbc35352512d9e31644d49a54504a1be2a",
                "sha256:cfbf0b956f33cda3af2a1438a2541549b69a7a240e71de7d8ca819b8f1547aac",
                "sha256:d2c121f5f77bed1e1eddeee23ee76fee8a3d48fa7a3aab589d12942f87778a9e",
                "sha256:d3a98dda9831a37ef7f55c5e69c0d276c278f24978f5b36b9fad7eac05a22bfc",
                "sha256:d42a5182d4b0953d02e5f46c9f0dc304be736fbaa1c0d2f11326182b9684b5f4",
                "sha256:db98287cb1488eb103930a64444542f6ffe83694ef392f801aa56d648d905663",
                "sha256:dd7c22bf890d266e72c5e5c8c44555ffbfe4ca2a329da785e7d8b1972fc3ff74",
                "sha256:e92af0fd08c7d2176ad4be4a7c47fd800d6ee05046b41e36ed579c01fb106c25",
                "sha256:fafeb4b190bd63ba2bcee2496d99cb7345fafbace6b999403010abdff8c05b72",
                "sha256:fb816595494ce21191764572215f56edfbc6d9fbebd1491c8466502892989689",
                "sha256:feb2144c2ae4035ad57165dd22bdc93b1389158a985c0497a096d39e2b2cd67b"
            ],
            "version": "==4.1.0"
        },
        "multidict": {
            "hashes": [
                "sha256:018c8e3be7f161a12b3e41741b6721f9baeb2210f4ab25a6359b7d76c1017dce",
                "sha256:01b456046a05ff7cceefb0e1d2a9d32f05efcb1c7e0d152446304e11557639ce",
                "sha256:114a4ab3e5cfbc56c4b6697686ecb92376c7e8c56893ef20547921552f8bdf57",
                "sha256:12e0d396faa6dc55ff5379eee54d1df3b508243ff15bfc8295a6ec7a4483a335",
                "sha256:190626ced82d4cc567a09e7346340d380154a493bac6905e0095d8158cdf1e38",
                "sha256:1f5d5129a937af4e3c4a1d6c139f4051b7d17d43276cefdd8d442a7031f7eef2",
                "sha256:21e1ce0b187c4e93112304dcde2aa18922fdbe8fb4f13d8aa72a5657bce0563a",
                "sha256:24e8d513bfcaadc1f8b0ebece3ff50961951c54b07d5a775008a882966102418",
                "sha256:2523a29006c034687eccd3ee70093a697129a3ffe8732535d3b2df6a4ecc279d",
                "sha256:26fbbe17f8a7211b623502d2bf41022a51da3025142401417c765bf9a56fed4c",
                "sha256:2b66d61966b12e6bba500e5cbb2c721a35e119c30ee02495c5629bd0e91eea30",
                "sha256:2cf5d19e12eff855aa198259c0b02fd3f5d07e1291fbd20279c37b3b0e6c9852",
                "sha256:2cfda34b7cb99eacada2072e0f69c0ad3285cb6f8e480b11f2b6d6c1c6f92718",
                "sha256:3541882266247c7cd3dba78d6ef28dbe704774df60c9e4231edaa4493522e614",
                "sha256:36df958b15639e40472adaa4f0c2c7828fe680f894a6b48c4ce229f59a6a798b",
                "sha256:38d394814b39be1c36ac709006d39d50d72a884f9551acd9c8cc1ffae3fc8c4e",
                "sha256:4159fc1ec9ede8ab93382e0d6ba9b1b3d23c72da39a834db7a116986605c7ab4",
                "sha256:445c0851a1cbc1f2ec3b40bc22f9c4a235edb3c9a0906122a9df6ea8d51f886c",
                "sha256:47defc0218682281a52fb1f6346ebb8b68b17538163a89ea24dfe4da37a8a9a3",
                "sha256:4cc5c8cd205a9810d16a5cd428cd81bac554ad1477cb87f4ad722b10992e794d",
                "sha256:4ccf55f28066b4f08666764a957c2b7c241c7547b0921d69c7ceab5f74fe1a45",
                "sha256:4fb3fe591956d8841882c463f934c9f7485cfd5f763a08c0d467b513dc18ef89",
                "sha256:526f8397fc124674b8f39748680a0ff673bd6a715fecb4866716d36e380f015f",
                "sha256:578bfcb16f4b8675ef71b960c00f174b0426e0eeb796bab6737389d8288eb827",
                "sha256:5b51969503709415a35754954c2763f536a70b8bf7360322b2edb0c0a44391f6",
                "sha256:5e58ec0375803526d395f6f7e730ecc45d06e15f68f7b9cdbf644a2918324e51",
                "sha256:62db44727d0befea68e8ad2881bb87a9cfb6b87d45dd78609009627167f37b69",
                "sha256:67090b17a0a5be5704fd109f231ee73cefb1b3802d41288d6378b5df46ae89ba",
                "sha256:6cd14e61f0da2a2cfb9fe05bfced2a1ed7063ce46a7a8cd473be4973de9a7f91",
                "sha256:70740c2bc9ab1c99f7cdcb104f27d16c63860c56d51c5bf0ef82fc1d892a2131",
                "sha256:73009ea04205966d47e16d98686ac5c438af23a1bb30b48a2c5da3423ec9ce37",
                "sha256:791458a1f7d1b4ab3bd9e93e0dcd1d59ef7ee9aa051dcd1ea030e62e49b923fd",
                "sha256:7f9511e48bde6b995825e8d35e434fc96296cf07a25f4aae24ff9162be7eaa46",
                "sha256:81c3d597591b0940e04949e4e4f79359b2d2e542a686ba0da5e25de33fec13e0",
                "sha256:8230a39bae6c2e8a09e4da6bace5064693b00590a4a213e38f9a9366da10e7dd",
                "sha256:8b92a9f3ab904397a33b193000dc4de7318ea175c4c460a1e154c415f9008e3d",
                "sha256:94cbe5535ef150546b8321aebea22862a3284da51e7b55f6f95b7d73e96d90ee",
                "sha256:960ce1b790952916e682093788696ef7e33ac6a97482f9b983abdc293091b531",
                "sha256:99341ca1f1db9e7f47914cb2461305665a662383765ced6f843712564766956d",
                "sha256:9aac6881454a750554ed4b280a839dcf9e2133a9d12ab4d417d673fb102289b7",
                "sha256:9d359b0a962e052b713647ac1f13eabf2263167b149ed1e27d5c579f5c8c7d2c",
                "sha256:9dbab2a7e9c073bc9538824a01f5ed689194db7f55f2b8102766873e906a6c1a",
                "sha256:a27b029caa3b555a4f3da54bc1e718eb55fcf1a11fda8bf0132147b476cf4c08",
                "sha256:a8b817d4ed68fd568ec5e45dd75ddf30cc72a47a6b41b74d5bb211374c296f5e",
                "sha256:ad7d66422b9cc51125509229693d27e18c08f2dea3ac9de408d821932b1b3759",
                "sha256:b46e79a9f4db53897d17bc64a39d1c7c2be3e3d4f8dba6d6730a2b13ddf0f986",
                "sha256:baa96a3418e27d723064854143b2f414a422c84cc87285a71558722049bebc5a",
                "sha256:beeca903e4270b4afcd114f371a9602240dc143f9e944edfea00f8d4ad56c40d",
                "sha256:c2a1168e5aa7c72499fb03c850e0f03f624fa4a5c8d2e215c518d0a73872eb64",
                "sha256:c5790cc603456b6dcf8a9a4765f666895a6afddc88b3d3ba7b53dea2b6e23116",
                "sha256:cb4a08f0aaaa869f189ffea0e17b86ad0237b51116d494da15ef7991ee6ad2d7",
                "sha256:cd5771e8ea325f85cbb361ddbdeb9ae424a68e5dfb6eea786afdcd22e68a7d5d",
                "sha256:ce8e51774eb03844588d3c279adb94efcd0edeccd2f97516623292445bcc01f9",
                "sha256:d09daf5c6ce7fc6ed444c9339bbde5ea84e2534d1ca1cd37b60f365c77f00dea",
                "sha256:d0e798b072cf2aab9daceb43d97c9c527a0c7593e67a7846ad4cc6051de1e303",
                "sha256:d325d61cac602976a5d47b19eaa7d04e3daf4efce2164c630219885087234102",
                "sha256:d408172519049e36fb6d29672f060dc8461fc7174eba9883c7026041ef9bfb38",
                "sha256:d52442e7c951e4c9ee591d6047706e66923d248d83958bbf99b8b19515fffaef",
                "sha256:dc4cfef5d899f5f1a15f3d2ac49f71107a01a5a2745b4dd53fa0cede1419385a",
                "sha256:df7b4cee3ff31b3335aba602f8d70dbc641e5b7164b1e9565570c9d3c536a438",
                "sha256:e068dfeadbce63072b2d8096486713d04db4946aad0a0f849bd4fc300799d0d3",
                "sha256:e07c24018986fb00d6e7eafca8fcd6e05095649e17fcf0e33a592caaa62a78b9",
                "sha256:e0bce9f7c30e7e3a9e683f670314c0144e8d34be6b7019e40604763bd278d84f",
                "sha256:e1925f78a543b94c3d46274c66a366fee8a263747060220ed0188e5f3eeea1c0",
                "sha256:e322c94596054352f5a02771eec71563c018b15699b961aba14d6dd943367022",
                "sha256:e4a095e18847c12ec20e55326ab8782d9c2d599400a3a2f174fab4796875d0e2",
                "sha256:e5a811aab1b4aea0b4be669363c19847a8c547510f0e18fb632956369fdbdf67",
                "sha256:eddf604a3de2ace3d9a4e4d491be7562a1ac095a0a1c95a9ec5781ef0273ef11",
                "sha256:ee9b1cae9a6c5d023e5a150f6f6b9dbb3c3bbc7887d6ee07d4c0ecb49a473734",
                "sha256:f1650ea41c408755da5eed52ac6ccbc8938ccc3e698d81e6f6a1be02ff2a0945",
                "sha256:f2c0957b3e8c66c10d27272709a5299ab3670a0f187c9428f3b90d267119aedb",
                "sha256:f76109387e1ec8d8e2137c94c437b89fe002f29e0881aae8ae45529bdff92000",
                "sha256:f8a728511c977df6f3d8af388fcb157e49f11db4a6637dd60131b8b6e40b0253",
                "sha256:fb6c3dc3d65014d2c782f5acf0b3ba14e639c6c33d3ed8932ead76b9080b3544"
            ],
            "markers": "python_version >= '3.7'",
            "version": "==6.0.3"
        },
        "requests": {
            "hashes": [
                "sha256:6a1b267aa90cac58ac3a765d067950e7dbbf75b1da07e895d1f594193a40a38b",
                "sha256:9c443e7324ba5b85070c4a818ade28bfabedf16ea10206da1132edaa6dda237e"
            ],
            "version": "==2.18.4"
        },
        "urllib3": {
            "hashes": [
                "sha256:06330f386d6e4b195fbfc736b297f58c5a892e4440e54d294d7004e3a9bbea1b",
                "sha256:cc44da8e1145637334317feebd728bd869a35285b93cbb4cca2577da7e62db4f"
            ],
            "version": "==1.22"
        },
        "watchdog": {
            "hashes": [
                "sha256:1893d425ef4fb4f129ee8ef72226836619c2950dd0559bba022b0818c63a7b60",
                "sha256:1a410dd4d0adcc86b4c71d1317ba2ea2c92babaf5b83321e4bde2514525544d5",
                "sha256:1f2b0665c57358ce9786f06f5475bc083fea9d81ecc0efa4733fd0c320940a37",
                "sha256:1f8eca9d294a4f194ce9df0d97d19b5598f310950d3ac3dd6e8d25ae456d4c8a",
                "sha256:27e49268735b3c27310883012ab3bd86ea0a96dcab90fe3feb682472e30c90f3",
                "sha256:28704c71afdb79c3f215c90231e41c52b056ea880b6be6cee035c6149d658ed1",
                "sha256:2ac0bd7c206bb6df78ef9e8ad27cc1346f2b41b1fef610395607319cdab89bc1",
                "sha256:2af1a29fd14fc0a87fb6ed762d3e1ae5694dcde22372eebba50e9e5be47af03c",
                "sha256:3a048865c828389cb06c0bebf8a883cec3ae58ad3e366bcc38c61d8455a3138f",
                "sha256:441024df19253bb108d3a8a5de7a186003d68564084576fecf7333a441271ef7",
                "sha256:56fb3f40fc3deecf6e518303c7533f5e2a722e377b12507f6de891583f1b48aa",
                "sha256:619d63fa5be69f89ff3a93e165e602c08ed8da402ca42b99cd59a8ec115673e1",
                "sha256:74535e955359d79d126885e642d3683616e6d9ab3aae0e7dcccd043bd5a3ff4f",
                "sha256:76a2743402b794629a955d96ea2e240bd0e903aa26e02e93cd2d57b33900962b",
                "sha256:83cf8bc60d9c613b66a4c018051873d6273d9e45d040eed06d6a96241bd8ec01",
                "sha256:920a4bda7daa47545c3201a3292e99300ba81ca26b7569575bd086c865889090",
                "sha256:9e99c1713e4436d2563f5828c8910e5ff25abd6ce999e75f15c15d81d41980b6",
                "sha256:a5bd9e8656d07cae89ac464ee4bcb6f1b9cecbedc3bf1334683bed3d5afd39ba",
                "sha256:ad0150536469fa4b693531e497ffe220d5b6cd76ad2eda474a5e641ee204bbb6",
                "sha256:af4b5c7ba60206759a1d99811b5938ca666ea9562a1052b410637bb96ff97512",
                "sha256:c7bd98813d34bfa9b464cf8122e7d4bec0a5a427399094d2c17dd5f70d59bc61",
                "sha256:ceaa9268d81205876bedb1069f9feab3eccddd4b90d9a45d06a0df592a04cae9",
                "sha256:cf05e6ff677b9655c6e9511d02e9cc55e730c4e430b7a54af9c28912294605a4",
                "sha256:d0fb5f2b513556c2abb578c1066f5f467d729f2eb689bc2db0739daf81c6bb7e",
                "sha256:d6ae890798a3560688b441ef086bb66e87af6b400a92749a18b856a134fc0318",
                "sha256:e5aed2a700a18c194c39c266900d41f3db0c1ebe6b8a0834b9995c835d2ca66e",
                "sha256:e722755d995035dd32177a9c633d158f2ec604f2a358b545bba5bed53ab25bca",
                "sha256:ed91c3ccfc23398e7aa9715abf679d5c163394b8cad994f34f156d57a7c163dc"
            ],
            "markers": "python_version >= '3.6'",
            "version": "==2.2.0"
        },
        "yarl": {
            "hashes": [
                "sha256:009a028127e0a1755c38b03244c0bea9d5565630db9c4cf9572496e947137a87",
                "sha256:0414fd91ce0b763d4eadb4456795b307a71524dbacd015c657bb2a39db2eab89",
                "sha256:0978f29222e649c351b173da2b9b4665ad1feb8d1daa9d971eb90df08702668a",
                "sha256:0ef8fb25e52663a1c85d608f6dd72e19bd390e2ecaf29c17fb08f730226e3a08",
                "sha256:10b08293cda921157f1e7c2790999d903b3fd28cd5c208cf8826b3b508026996",
                "sha256:1684a9bd9077e922300ecd48003ddae7a7474e0412bea38d4631443a91d61077",
                "sha256:1b372aad2b5f81db66ee7ec085cbad72c4da660d994e8e590c997e9b01e44901",
                "sha256:1e21fb44e1eff06dd6ef971d4bdc611807d6bd3691223d9c01a18cec3677939e",
                "sha256:2305517e332a862ef75be8fad3606ea10108662bc6fe08509d5ca99503ac2aee",
                "sha256:24ad1d10c9db1953291f56b5fe76203977f1ed05f82d09ec97acb623a7976574",
                "sha256:272b4f1599f1b621bf2aabe4e5b54f39a933971f4e7c9aa311d6d7dc06965165",
                "sha256:2a1fca9588f360036242f379bfea2b8b44cae2721859b1c56d033adfd5893634",
                "sha256:2b4fa2606adf392051d990c3b3877d768771adc3faf2e117b9de7eb977741229",
                "sha256:3150078118f62371375e1e69b13b48288e44f6691c1069340081c3fd12c94d5b",
                "sha256:326dd1d3caf910cd26a26ccbfb84c03b608ba32499b5d6eeb09252c920bcbe4f",
                "sha256:34c09b43bd538bf6c4b891ecce94b6fa4f1f10663a8d4ca589a079a5018f6ed7",
                "sha256:388a45dc77198b2460eac0aca1efd6a7c09e976ee768b0d5109173e521a19daf",
                "sha256:3adeef150d528ded2a8e734ebf9ae2e658f4c49bf413f5f157a470e17a4a2e89",
                "sha256:3edac5d74bb3209c418805bda77f973117836e1de7c000e9755e572c1f7850d0",
                "sha256:3f6b4aca43b602ba0f1459de647af954769919c4714706be36af670a5f44c9c1",
                "sha256:3fc056e35fa6fba63248d93ff6e672c096f95f7836938241ebc8260e062832fe",
                "sha256:418857f837347e8aaef682679f41e36c24250097f9e2f315d39bae3a99a34cbf",
                "sha256:42430ff511571940d51e75cf42f1e4dbdded477e71c1b7a17f4da76c1da8ea76",
                "sha256:44ceac0450e648de86da8e42674f9b7077d763ea80c8ceb9d1c3e41f0f0a9951",
                "sha256:47d49ac96156f0928f002e2424299b2c91d9db73e08c4cd6742923a086f1c863",
                "sha256:48dd18adcf98ea9cd721a25313aef49d70d413a999d7d89df44f469edfb38a06",
                "sha256:49d43402c6e3013ad0978602bf6bf5328535c48d192304b91b97a3c6790b1562",
                "sha256:4d04acba75c72e6eb90745447d69f84e6c9056390f7a9724605ca9c56b4afcc6",
                "sha256:57a7c87927a468e5a1dc60c17caf9597161d66457a34273ab1760219953f7f4c",
                "sha256:58a3c13d1c3005dbbac5c9f0d3210b60220a65a999b1833aa46bd6677c69b08e",
                "sha256:5df5e3d04101c1e5c3b1d69710b0574171cc02fddc4b23d1b2813e75f35a30b1",
                "sha256:63243b21c6e28ec2375f932a10ce7eda65139b5b854c0f6b82ed945ba526bff3",
                "sha256:64dd68a92cab699a233641f5929a40f02a4ede8c009068ca8aa1fe87b8c20ae3",
                "sha256:6604711362f2dbf7160df21c416f81fac0de6dbcf0b5445a2ef25478ecc4c778",
                "sha256:6c4fcfa71e2c6a3cb568cf81aadc12768b9995323186a10827beccf5fa23d4f8",
                "sha256:6d88056a04860a98341a0cf53e950e3ac9f4e51d1b6f61a53b0609df342cc8b2",
                "sha256:705227dccbe96ab02c7cb2c43e1228e2826e7ead880bb19ec94ef279e9555b5b",
                "sha256:728be34f70a190566d20aa13dc1f01dc44b6aa74580e10a3fb159691bc76909d",
                "sha256:74dece2bfc60f0f70907c34b857ee98f2c6dd0f75185db133770cd67300d505f",
                "sha256:75c16b2a900b3536dfc7014905a128a2bea8fb01f9ee26d2d7d8db0a08e7cb2c",
                "sha256:77e913b846a6b9c5f767b14dc1e759e5aff05502fe73079f6f4176359d832581",
                "sha256:7a66c506ec67eb3159eea5096acd05f5e788ceec7b96087d30c7d2865a243918",
                "sha256:8c46d3d89902c393a1d1e243ac847e0442d0196bbd81aecc94fcebbc2fd5857c",
                "sha256:93202666046d9edadfe9f2e7bf5e0782ea0d497b6d63da322e541665d65a044e",
                "sha256:97209cc91189b48e7cfe777237c04af8e7cc51eb369004e061809bcdf4e55220",
                "sha256:a48f4f7fea9a51098b02209d90297ac324241bf37ff6be6d2b0149ab2bd51b37",
                "sha256:a783cd344113cb88c5ff7ca32f1f16532a6f2142185147822187913eb989f739",
                "sha256:ae0eec05ab49e91a78700761777f284c2df119376e391db42c38ab46fd662b77",
                "sha256:ae4d7ff1049f36accde9e1ef7301912a751e5bae0a9d142459646114c70ecba6",
                "sha256:b05df9ea7496df11b710081bd90ecc3a3db6adb4fee36f6a411e7bc91a18aa42",
                "sha256:baf211dcad448a87a0d9047dc8282d7de59473ade7d7fdf22150b1d23859f946",
                "sha256:bb81f753c815f6b8e2ddd2eef3c855cf7da193b82396ac013c661aaa6cc6b0a5",
                "sha256:bcd7bb1e5c45274af9a1dd7494d3c52b2be5e6bd8d7e49c612705fd45420b12d",
                "sha256:bf071f797aec5b96abfc735ab97da9fd8f8768b43ce2abd85356a3127909d146",
                "sha256:c15163b6125db87c8f53c98baa5e785782078fbd2dbeaa04c6141935eb6dab7a",
                "sha256:cb6d48d80a41f68de41212f3dfd1a9d9898d7841c8f7ce6696cf2fd9cb57ef83",
                "sha256:ceff9722e0df2e0a9e8a79c610842004fa54e5b309fe6d218e47cd52f791d7ef",
                "sha256:cfa2bbca929aa742b5084fd4663dd4b87c191c844326fcb21c3afd2d11497f80",
                "sha256:d617c241c8c3ad5c4e78a08429fa49e4b04bedfc507b34b4d8dceb83b4af3588",
                "sha256:d881d152ae0007809c2c02e22aa534e702f12071e6b285e90945aa3c376463c5",
                "sha256:da65c3f263729e47351261351b8679c6429151ef9649bba08ef2528ff2c423b2",
                "sha256:de986979bbd87272fe557e0a8fcb66fd40ae2ddfe28a8b1ce4eae22681728fef",
                "sha256:df60a94d332158b444301c7f569659c926168e4d4aad2cfbf4bce0e8fb8be826",
                "sha256:dfef7350ee369197106805e193d420b75467b6cceac646ea5ed3049fcc950a05",
                "sha256:e59399dda559688461762800d7fb34d9e8a6a7444fd76ec33220a926c8be1516",
                "sha256:e6f3515aafe0209dd17fb9bdd3b4e892963370b3de781f53e1746a521fb39fc0",
                "sha256:e7fd20d6576c10306dea2d6a5765f46f0ac5d6f53436217913e952d19237efc4",
                "sha256:ebb78745273e51b9832ef90c0898501006670d6e059f2cdb0e999494eb1450c2",
                "sha256:efff27bd8cbe1f9bd127e7894942ccc20c857aa8b5a0327874f30201e5ce83d0",
                "sha256:f37db05c6051eff17bc832914fe46869f8849de5b92dc4a3466cd63095d23dfd",
                "sha256:f8ca8ad414c85bbc50f49c0a106f951613dfa5f948ab69c10ce9b128d368baf8",
                "sha256:fb742dcdd5eec9f26b61224c23baea46c9055cf16f62475e11b9b15dfd5c117b",
                "sha256:fc77086ce244453e074e445104f0ecb27530d6fd3a46698e33f6c38951d5a0f1",
                "sha256:ff205b58dc2929191f68162633d5e10e8044398d7a45265f90a0f1d51f85f72c"
            ],
            "markers": "python_version >= '3.7'",
            "version": "==1.8.2"
        }
    },
    "develop": {
        "decorator": {
            "hashes": [
                "sha256:637996211036b6385ef91435e4fae22989472f9d571faba8927ba8253acbc330",
                "sha256:b8c3f85900b9dc423225913c5aace94729fe1fa9763b38939a95226f02d37186"
            ],
            "markers": "python_version >= '3.5'",
            "version": "==5.1.1"
        },
        "ipython": {
            "hashes": [
                "sha256:51c158a6c8b899898d1c91c6b51a34110196815cc905f9be0fa5878e19355608",
                "sha256:fcc6d46f08c3c4de7b15ae1c426e15be1b7932bcda9d83ce1a4304e8c1129df3"
            ],
            "version": "==6.2.1"
        },
        "jedi": {
            "hashes": [
                "sha256:203c1fd9d969ab8f2119ec0a3342e0b49910045abe6af0a3ae83a5764d54639e",
                "sha256:bae794c30d07f6d910d32a7048af09b5a39ed740918da923c6b780790ebac612"
            ],
            "markers": "python_version >= '3.6'",
            "version": "==0.18.2"
        },
        "parso": {
            "hashes": [
                "sha256:8c07be290bb59f03588915921e29e8a50002acaf2cdc5fa0e0114f91709fafa0",
                "sha256:c001d4636cd3aecdaf33cbb40aebb59b094be2a74c556778ef5576c175e19e75"
            ],
            "markers": "python_version >= '3.6'",
            "version": "==0.8.3"
        },
        "pexpect": {
            "hashes": [
                "sha256:0b48a55dcb3c05f3329815901ea4fc1537514d6ba867a152b581d69ae3710937",
                "sha256:fc65a43959d153d0114afe13997d439c22823a27cefceb5ff35c2178c6784c0c"
            ],
            "markers": "sys_platform != 'win32'",
            "version": "==4.8.0"
        },
        "pickleshare": {
            "hashes": [
                "sha256:87683d47965c1da65cdacaf31c8441d12b8044cdec9aca500cd78fc2c683afca",
                "sha256:9649af414d74d4df115d5d718f82acb59c9d418196b7b4290ed47a12ce62df56"
            ],
            "version": "==0.7.5"
        },
        "prompt-toolkit": {
            "hashes": [
                "sha256:37925b37a4af1f6448c76b7606e0285f79f434ad246dda007a27411cca730c6d",
                "sha256:dd4fca02c8069497ad931a2d09914c6b0d1b50151ce876bc15bde4c747090126",
                "sha256:f7eec66105baf40eda9ab026cd8b2e251337eea8d111196695d82e0c5f0af852"
            ],
            "version": "==1.0.18"
        },
        "ptyprocess": {
            "hashes": [
                "sha256:4b41f3967fce3af57cc7e94b888626c18bf37a083e3651ca8feeb66d492fef35",
                "sha256:5c5d0a3b48ceee0b48485e0c26037c0acd7d29765ca3fbb5cb3831d347423220"
            ],
            "version": "==0.7.0"
        },
        "py": {
            "hashes": [
                "sha256:51c75c4126074b472f746a24399ad32f6053d1b34b68d2fa41e558e6f4a98719",
                "sha256:607c53218732647dff4acdfcd50cb62615cedf612e72d1724fb1a0cc6405b378"
            ],
            "markers": "python_version >= '2.7' and python_version not in '3.0, 3.1, 3.2, 3.3, 3.4'",
            "version": "==1.11.0"
        },
        "pygments": {
            "hashes": [
                "sha256:56a8508ae95f98e2b9bdf93a6be5ae3f7d8af858b43e02c5a2ff083726be40c1",
                "sha256:f643f331ab57ba3c9d89212ee4a2dabc6e94f117cf4eefde99a0574720d14c42"
            ],
            "markers": "python_version >= '3.6'",
            "version": "==2.13.0"
        },
        "pytest": {
            "hashes": [
                "sha256:27fa6617efc2869d3e969a3e75ec060375bfb28831ade8b5cdd68da3a741dc3c",
                "sha256:81a25f36a97da3313e1125fce9e7bbbba565bc7fec3c5beb14c262ddab238ac1"
            ],
            "version": "==3.2.3"
        },
        "setuptools": {
            "hashes": [
                "sha256:57f6f22bde4e042978bcd50176fdb381d7c21a9efa4041202288d3737a0c6a54",
                "sha256:a7620757bf984b58deaf32fc8a4577a9bbc0850cf92c20e1ce41c38c19e5fb75"
            ],
            "markers": "python_version >= '3.7'",
            "version": "==65.6.3"
        },
        "simplegeneric": {
            "hashes": [
                "sha256:dc972e06094b9af5b855b3df4a646395e43d1c9d0d39ed345b7393560d0b9173"
            ],
            "version": "==0.8.1"
        },
        "six": {
            "hashes": [
                "sha256:1e61c37477a1626458e36f7b1d82aa5c9b094fa4802892072e49de9c60c4c926",
                "sha256:8abb2f1d86890a2dfb989f9a77cfcfd3e47c2a354b01111771326f8aa26e0254"
            ],
            "markers": "python_version >= '2.7' and python_version not in '3.0, 3.1, 3.2, 3.3'",
            "version": "==1.16.0"
        },
        "traitlets": {
            "hashes": [
                "sha256:10b6ed1c9cedee83e795db70a8b9c2db157bb3778ec4587a349ecb7ef3b1033b",
                "sha256:1410755385d778aed847d68deb99b3ba30fbbf489e17a1e8cbb753060d5cce73"
            ],
            "markers": "python_version >= '3.7'",
            "version": "==5.6.0"
        },
        "wcwidth": {
            "hashes": [
                "sha256:beb4802a9cebb9144e99086eff703a642a13d6a0052920003a230f3294bbe784",
                "sha256:c4d647b99872929fdb7bdcaa4fbe7f01413ed3d98077df798530e5b04f116c83"
            ],
            "version": "==0.2.5"
        },
        "yapf": {
            "hashes": [
                "sha256:3ac5887aa98d0ba35186d8a83fa948b880a353cd39df9d9c9ffa920f428e9e8d",
                "sha256:701b076a4916e3cfbba345e0297dcd54a02fd0fdcae1f43346f8a043c3bbd052"
            ],
            "version": "==0.19.0"
        }
    }
}
